{
  "pins" : [
    {
      "identity" : "ipbswiftapi_v7",
      "kind" : "remoteSourceControl",
      "location" : "https://github.com/progressterra/ipbswiftapi_v7.git",
      "state" : {
        "branch" : "main",
        "revision" : "de1316c135eb5421b4eadfd33c33299894246222"
      }
    },
    {
      "identity" : "kingfisher",
      "kind" : "remoteSourceControl",
      "location" : "https://github.com/onevcat/Kingfisher.git",
      "state" : {
        "revision" : "b6f62758f21a8c03cd64f4009c037cfa580a256e",
        "version" : "7.9.1"
      }
    }
  ],
  "version" : 2
}
