{
  "pins" : [
    {
      "identity" : "ipbswiftapi_v7",
      "kind" : "remoteSourceControl",
      "location" : "https://github.com/progressterra/ipbswiftapi_v7.git",
      "state" : {
        "revision" : "803c8cd122f1bf4a3d75e9b337810d43fe25407e",
        "version" : "1.0.5"
      }
    },
    {
      "identity" : "kingfisher",
      "kind" : "remoteSourceControl",
      "location" : "https://github.com/onevcat/Kingfisher.git",
      "state" : {
        "revision" : "277f1ab2c6664b19b4a412e32b094b201e2d5757",
        "version" : "7.10.0"
      }
    }
  ],
  "version" : 2
}
