{
  "pins" : [
    {
      "identity" : "ipbswiftapi_v7",
      "kind" : "remoteSourceControl",
      "location" : "https://github.com/progressterra/ipbswiftapi_v7.git",
      "state" : {
        "revision" : "300a6cb1e942a1177057db3849cc063c56a997ce",
        "version" : "1.0.8"
      }
    },
    {
      "identity" : "kingfisher",
      "kind" : "remoteSourceControl",
      "location" : "https://github.com/onevcat/Kingfisher.git",
      "state" : {
        "revision" : "277f1ab2c6664b19b4a412e32b094b201e2d5757",
        "version" : "7.10.0"
      }
    }
  ],
  "version" : 2
}
